
Microsoft Visual Studio Solution File, Format Version 12.00
# Visual Studio Version 17
VisualStudioVersion = 17.4.33103.184
MinimumVisualStudioVersion = 10.0.40219.1
Project("{FAE04EC0-301F-11D3-BF4B-00C04F79EFBC}") = "SequenciaIJ1 - 1095", "SequenciaIJ1 - 1095\SequenciaIJ1 - 1095.csproj", "{09B04AFF-DA82-4D11-8C1B-C5A9663A7463}"
EndProject
Global
	GlobalSection(SolutionConfigurationPlatforms) = preSolution
		Debug|Any CPU = Debug|Any CPU
		Release|Any CPU = Release|Any CPU
	EndGlobalSection
	GlobalSection(ProjectConfigurationPlatforms) = postSolution
		{09B04AFF-DA82-4D11-8C1B-C5A9663A7463}.Debug|Any CPU.ActiveCfg = Debug|Any CPU
		{09B04AFF-DA82-4D11-8C1B-C5A9663A7463}.Debug|Any CPU.Build.0 = Debug|Any CPU
		{09B04AFF-DA82-4D11-8C1B-C5A9663A7463}.Release|Any CPU.ActiveCfg = Release|Any CPU
		{09B04AFF-DA82-4D11-8C1B-C5A9663A7463}.Release|Any CPU.Build.0 = Release|Any CPU
	EndGlobalSection
	GlobalSection(SolutionProperties) = preSolution
		HideSolutionNode = FALSE
	EndGlobalSection
	GlobalSection(ExtensibilityGlobals) = postSolution
		SolutionGuid = {C260FC68-99AE-48F3-A25B-1B5B9B181108}
	EndGlobalSection
EndGlobal
