
Microsoft Visual Studio Solution File, Format Version 12.00
# Visual Studio Version 17
VisualStudioVersion = 17.4.33103.184
MinimumVisualStudioVersion = 10.0.40219.1
Project("{FAE04EC0-301F-11D3-BF4B-00C04F79EFBC}") = "Lanche - 1038", "Lanche - 1038\Lanche - 1038.csproj", "{E53B3E57-78EA-46FA-A08D-3DAE72AC79F3}"
EndProject
Global
	GlobalSection(SolutionConfigurationPlatforms) = preSolution
		Debug|Any CPU = Debug|Any CPU
		Release|Any CPU = Release|Any CPU
	EndGlobalSection
	GlobalSection(ProjectConfigurationPlatforms) = postSolution
		{E53B3E57-78EA-46FA-A08D-3DAE72AC79F3}.Debug|Any CPU.ActiveCfg = Debug|Any CPU
		{E53B3E57-78EA-46FA-A08D-3DAE72AC79F3}.Debug|Any CPU.Build.0 = Debug|Any CPU
		{E53B3E57-78EA-46FA-A08D-3DAE72AC79F3}.Release|Any CPU.ActiveCfg = Release|Any CPU
		{E53B3E57-78EA-46FA-A08D-3DAE72AC79F3}.Release|Any CPU.Build.0 = Release|Any CPU
	EndGlobalSection
	GlobalSection(SolutionProperties) = preSolution
		HideSolutionNode = FALSE
	EndGlobalSection
	GlobalSection(ExtensibilityGlobals) = postSolution
		SolutionGuid = {6E8873FC-BF2D-4D48-B705-B1559E893260}
	EndGlobalSection
EndGlobal
