
Microsoft Visual Studio Solution File, Format Version 12.00
# Visual Studio Version 17
VisualStudioVersion = 17.4.33103.184
MinimumVisualStudioVersion = 10.0.40219.1
Project("{FAE04EC0-301F-11D3-BF4B-00C04F79EFBC}") = "Quadrante - 1115", "Quadrante - 1115\Quadrante - 1115.csproj", "{94E97260-7F80-4E6F-898C-76F418793713}"
EndProject
Global
	GlobalSection(SolutionConfigurationPlatforms) = preSolution
		Debug|Any CPU = Debug|Any CPU
		Release|Any CPU = Release|Any CPU
	EndGlobalSection
	GlobalSection(ProjectConfigurationPlatforms) = postSolution
		{94E97260-7F80-4E6F-898C-76F418793713}.Debug|Any CPU.ActiveCfg = Debug|Any CPU
		{94E97260-7F80-4E6F-898C-76F418793713}.Debug|Any CPU.Build.0 = Debug|Any CPU
		{94E97260-7F80-4E6F-898C-76F418793713}.Release|Any CPU.ActiveCfg = Release|Any CPU
		{94E97260-7F80-4E6F-898C-76F418793713}.Release|Any CPU.Build.0 = Release|Any CPU
	EndGlobalSection
	GlobalSection(SolutionProperties) = preSolution
		HideSolutionNode = FALSE
	EndGlobalSection
	GlobalSection(ExtensibilityGlobals) = postSolution
		SolutionGuid = {628B065B-96CA-4457-9CA9-896CDF733024}
	EndGlobalSection
EndGlobal
