
Microsoft Visual Studio Solution File, Format Version 12.00
# Visual Studio Version 17
VisualStudioVersion = 17.4.33103.184
MinimumVisualStudioVersion = 10.0.40219.1
Project("{FAE04EC0-301F-11D3-BF4B-00C04F79EFBC}") = "Salario com Bonus - 1009", "Salario com Bonus - 1009\Salario com Bonus - 1009.csproj", "{42AE8756-0D8F-45B0-95C2-2166F8B5E81E}"
EndProject
Global
	GlobalSection(SolutionConfigurationPlatforms) = preSolution
		Debug|Any CPU = Debug|Any CPU
		Release|Any CPU = Release|Any CPU
	EndGlobalSection
	GlobalSection(ProjectConfigurationPlatforms) = postSolution
		{42AE8756-0D8F-45B0-95C2-2166F8B5E81E}.Debug|Any CPU.ActiveCfg = Debug|Any CPU
		{42AE8756-0D8F-45B0-95C2-2166F8B5E81E}.Debug|Any CPU.Build.0 = Debug|Any CPU
		{42AE8756-0D8F-45B0-95C2-2166F8B5E81E}.Release|Any CPU.ActiveCfg = Release|Any CPU
		{42AE8756-0D8F-45B0-95C2-2166F8B5E81E}.Release|Any CPU.Build.0 = Release|Any CPU
	EndGlobalSection
	GlobalSection(SolutionProperties) = preSolution
		HideSolutionNode = FALSE
	EndGlobalSection
	GlobalSection(ExtensibilityGlobals) = postSolution
		SolutionGuid = {9FBBDE31-0546-486E-BAEC-E29FA260F4CE}
	EndGlobalSection
EndGlobal
