
Microsoft Visual Studio Solution File, Format Version 12.00
# Visual Studio Version 17
VisualStudioVersion = 17.4.33103.184
MinimumVisualStudioVersion = 10.0.40219.1
Project("{FAE04EC0-301F-11D3-BF4B-00C04F79EFBC}") = "HelloWorld - 1000", "HelloWorld - 1000\HelloWorld - 1000.csproj", "{EAA766DD-712C-48ED-9858-5D52D39C7563}"
EndProject
Global
	GlobalSection(SolutionConfigurationPlatforms) = preSolution
		Debug|Any CPU = Debug|Any CPU
		Release|Any CPU = Release|Any CPU
	EndGlobalSection
	GlobalSection(ProjectConfigurationPlatforms) = postSolution
		{EAA766DD-712C-48ED-9858-5D52D39C7563}.Debug|Any CPU.ActiveCfg = Debug|Any CPU
		{EAA766DD-712C-48ED-9858-5D52D39C7563}.Debug|Any CPU.Build.0 = Debug|Any CPU
		{EAA766DD-712C-48ED-9858-5D52D39C7563}.Release|Any CPU.ActiveCfg = Release|Any CPU
		{EAA766DD-712C-48ED-9858-5D52D39C7563}.Release|Any CPU.Build.0 = Release|Any CPU
	EndGlobalSection
	GlobalSection(SolutionProperties) = preSolution
		HideSolutionNode = FALSE
	EndGlobalSection
	GlobalSection(ExtensibilityGlobals) = postSolution
		SolutionGuid = {9EA7CD8F-6FB9-47D8-A7A6-0AD6BA6095A9}
	EndGlobalSection
EndGlobal
