
Microsoft Visual Studio Solution File, Format Version 12.00
# Visual Studio Version 17
VisualStudioVersion = 17.4.33103.184
MinimumVisualStudioVersion = 10.0.40219.1
Project("{FAE04EC0-301F-11D3-BF4B-00C04F79EFBC}") = "MédiasPonderadas - 1079", "MédiasPonderadas - 1079\MédiasPonderadas - 1079.csproj", "{BC1752B8-4DB3-40F9-9CBD-38B5F96ABA92}"
EndProject
Global
	GlobalSection(SolutionConfigurationPlatforms) = preSolution
		Debug|Any CPU = Debug|Any CPU
		Release|Any CPU = Release|Any CPU
	EndGlobalSection
	GlobalSection(ProjectConfigurationPlatforms) = postSolution
		{BC1752B8-4DB3-40F9-9CBD-38B5F96ABA92}.Debug|Any CPU.ActiveCfg = Debug|Any CPU
		{BC1752B8-4DB3-40F9-9CBD-38B5F96ABA92}.Debug|Any CPU.Build.0 = Debug|Any CPU
		{BC1752B8-4DB3-40F9-9CBD-38B5F96ABA92}.Release|Any CPU.ActiveCfg = Release|Any CPU
		{BC1752B8-4DB3-40F9-9CBD-38B5F96ABA92}.Release|Any CPU.Build.0 = Release|Any CPU
	EndGlobalSection
	GlobalSection(SolutionProperties) = preSolution
		HideSolutionNode = FALSE
	EndGlobalSection
	GlobalSection(ExtensibilityGlobals) = postSolution
		SolutionGuid = {5436A438-593D-4852-9C38-873972545FDA}
	EndGlobalSection
EndGlobal
