
Microsoft Visual Studio Solution File, Format Version 12.00
# Visual Studio Version 17
VisualStudioVersion = 17.4.33103.184
MinimumVisualStudioVersion = 10.0.40219.1
Project("{FAE04EC0-301F-11D3-BF4B-00C04F79EFBC}") = "Bhaskara - 1036", "Bhaskara - 1036\Bhaskara - 1036.csproj", "{5D0BC050-5CCA-45FE-81AA-FAAEC5B1BC87}"
EndProject
Global
	GlobalSection(SolutionConfigurationPlatforms) = preSolution
		Debug|Any CPU = Debug|Any CPU
		Release|Any CPU = Release|Any CPU
	EndGlobalSection
	GlobalSection(ProjectConfigurationPlatforms) = postSolution
		{5D0BC050-5CCA-45FE-81AA-FAAEC5B1BC87}.Debug|Any CPU.ActiveCfg = Debug|Any CPU
		{5D0BC050-5CCA-45FE-81AA-FAAEC5B1BC87}.Debug|Any CPU.Build.0 = Debug|Any CPU
		{5D0BC050-5CCA-45FE-81AA-FAAEC5B1BC87}.Release|Any CPU.ActiveCfg = Release|Any CPU
		{5D0BC050-5CCA-45FE-81AA-FAAEC5B1BC87}.Release|Any CPU.Build.0 = Release|Any CPU
	EndGlobalSection
	GlobalSection(SolutionProperties) = preSolution
		HideSolutionNode = FALSE
	EndGlobalSection
	GlobalSection(ExtensibilityGlobals) = postSolution
		SolutionGuid = {15D9E7A3-A44F-4B67-9D11-1879BC4374A5}
	EndGlobalSection
EndGlobal
