
Microsoft Visual Studio Solution File, Format Version 12.00
# Visual Studio Version 17
VisualStudioVersion = 17.4.33103.184
MinimumVisualStudioVersion = 10.0.40219.1
Project("{FAE04EC0-301F-11D3-BF4B-00C04F79EFBC}") = "Animal - 1049", "Animal - 1049\Animal - 1049.csproj", "{8BDC09FC-27BE-47AA-8BE3-17E50A6E22A7}"
EndProject
Global
	GlobalSection(SolutionConfigurationPlatforms) = preSolution
		Debug|Any CPU = Debug|Any CPU
		Release|Any CPU = Release|Any CPU
	EndGlobalSection
	GlobalSection(ProjectConfigurationPlatforms) = postSolution
		{8BDC09FC-27BE-47AA-8BE3-17E50A6E22A7}.Debug|Any CPU.ActiveCfg = Debug|Any CPU
		{8BDC09FC-27BE-47AA-8BE3-17E50A6E22A7}.Debug|Any CPU.Build.0 = Debug|Any CPU
		{8BDC09FC-27BE-47AA-8BE3-17E50A6E22A7}.Release|Any CPU.ActiveCfg = Release|Any CPU
		{8BDC09FC-27BE-47AA-8BE3-17E50A6E22A7}.Release|Any CPU.Build.0 = Release|Any CPU
	EndGlobalSection
	GlobalSection(SolutionProperties) = preSolution
		HideSolutionNode = FALSE
	EndGlobalSection
	GlobalSection(ExtensibilityGlobals) = postSolution
		SolutionGuid = {4DAE2CFF-A955-4809-9DEA-C5C0F5FEEB60}
	EndGlobalSection
EndGlobal
