
Microsoft Visual Studio Solution File, Format Version 12.00
# Visual Studio Version 17
VisualStudioVersion = 17.4.33103.184
MinimumVisualStudioVersion = 10.0.40219.1
Project("{FAE04EC0-301F-11D3-BF4B-00C04F79EFBC}") = "Distancia entre dois pontos - 1015", "Distancia entre dois pontos - 1015\Distancia entre dois pontos - 1015.csproj", "{7FC2EABC-C4D9-472B-AA24-B9A95D424555}"
EndProject
Global
	GlobalSection(SolutionConfigurationPlatforms) = preSolution
		Debug|Any CPU = Debug|Any CPU
		Release|Any CPU = Release|Any CPU
	EndGlobalSection
	GlobalSection(ProjectConfigurationPlatforms) = postSolution
		{7FC2EABC-C4D9-472B-AA24-B9A95D424555}.Debug|Any CPU.ActiveCfg = Debug|Any CPU
		{7FC2EABC-C4D9-472B-AA24-B9A95D424555}.Debug|Any CPU.Build.0 = Debug|Any CPU
		{7FC2EABC-C4D9-472B-AA24-B9A95D424555}.Release|Any CPU.ActiveCfg = Release|Any CPU
		{7FC2EABC-C4D9-472B-AA24-B9A95D424555}.Release|Any CPU.Build.0 = Release|Any CPU
	EndGlobalSection
	GlobalSection(SolutionProperties) = preSolution
		HideSolutionNode = FALSE
	EndGlobalSection
	GlobalSection(ExtensibilityGlobals) = postSolution
		SolutionGuid = {F3E8B365-A875-46E8-8CB6-7C996D019EDE}
	EndGlobalSection
EndGlobal
