
Microsoft Visual Studio Solution File, Format Version 12.00
# Visual Studio Version 17
VisualStudioVersion = 17.4.33103.184
MinimumVisualStudioVersion = 10.0.40219.1
Project("{FAE04EC0-301F-11D3-BF4B-00C04F79EFBC}") = "Distancia - 1016", "Distancia - 1016\Distancia - 1016.csproj", "{60366BF4-7CE2-43C6-B4AD-445FC958DE65}"
EndProject
Global
	GlobalSection(SolutionConfigurationPlatforms) = preSolution
		Debug|Any CPU = Debug|Any CPU
		Release|Any CPU = Release|Any CPU
	EndGlobalSection
	GlobalSection(ProjectConfigurationPlatforms) = postSolution
		{60366BF4-7CE2-43C6-B4AD-445FC958DE65}.Debug|Any CPU.ActiveCfg = Debug|Any CPU
		{60366BF4-7CE2-43C6-B4AD-445FC958DE65}.Debug|Any CPU.Build.0 = Debug|Any CPU
		{60366BF4-7CE2-43C6-B4AD-445FC958DE65}.Release|Any CPU.ActiveCfg = Release|Any CPU
		{60366BF4-7CE2-43C6-B4AD-445FC958DE65}.Release|Any CPU.Build.0 = Release|Any CPU
	EndGlobalSection
	GlobalSection(SolutionProperties) = preSolution
		HideSolutionNode = FALSE
	EndGlobalSection
	GlobalSection(ExtensibilityGlobals) = postSolution
		SolutionGuid = {CBA06B6E-E9B4-4DD2-8050-6D0B84967561}
	EndGlobalSection
EndGlobal
